// !$*UTF8*$!
{
	archiveVersion = 1;
	classes = {
	};
	objectVersion = 56;
	objects = {

/* Begin PBXBuildFile section */
		21C19ADA2BFBF6DC0061FB52 /* main.swift in Sources */ = {isa = PBXBuildFile; fileRef = 21C19AD92BFBF6DC0061FB52 /* main.swift */; };
		3CBC8BF52BFD91FA000AA72C /* StoreError.swift in Sources */ = {isa = PBXBuildFile; fileRef = 3CBC8BF42BFD91FA000AA72C /* StoreError.swift */; };
		7570EBAE2BFC240600293F3A /* IsPurchasableProtocol.swift in Sources */ = {isa = PBXBuildFile; fileRef = 7570EBAD2BFC240600293F3A /* IsPurchasableProtocol.swift */; };
		7570EBB02BFC242600293F3A /* Item.swift in Sources */ = {isa = PBXBuildFile; fileRef = 7570EBAF2BFC242600293F3A /* Item.swift */; };
		7570EBB22BFC244F00293F3A /* OwnedItem.swift in Sources */ = {isa = PBXBuildFile; fileRef = 7570EBB12BFC244F00293F3A /* OwnedItem.swift */; };
		7570EBB42BFC246300293F3A /* Game.swift in Sources */ = {isa = PBXBuildFile; fileRef = 7570EBB32BFC246300293F3A /* Game.swift */; };
		7570EBB62BFC247700293F3A /* Movie.swift in Sources */ = {isa = PBXBuildFile; fileRef = 7570EBB52BFC247700293F3A /* Movie.swift */; };
		7570EBB82BFC249800293F3A /* Customer.swift in Sources */ = {isa = PBXBuildFile; fileRef = 7570EBB72BFC249800293F3A /* Customer.swift */; };
		7570EBBA2BFC25F000293F3A /* Store.swift in Sources */ = {isa = PBXBuildFile; fileRef = 7570EBB92BFC25F000293F3A /* Store.swift */; };
/* End PBXBuildFile section */

/* Begin PBXCopyFilesBuildPhase section */
		21C19AD42BFBF6DC0061FB52 /* CopyFiles */ = {
			isa = PBXCopyFilesBuildPhase;
			buildActionMask = 2147483647;
			dstPath = /usr/share/man/man1/;
			dstSubfolderSpec = 0;
			files = (
			);
			runOnlyForDeploymentPostprocessing = 1;
		};
/* End PBXCopyFilesBuildPhase section */

/* Begin PBXFileReference section */
		21C19AD62BFBF6DC0061FB52 /* Group8_Store */ = {isa = PBXFileReference; explicitFileType = "compiled.mach-o.executable"; includeInIndex = 0; path = Group8_Store; sourceTree = BUILT_PRODUCTS_DIR; };
		21C19AD92BFBF6DC0061FB52 /* main.swift */ = {isa = PBXFileReference; lastKnownFileType = sourcecode.swift; path = main.swift; sourceTree = "<group>"; };
		3CBC8BF42BFD91FA000AA72C /* StoreError.swift */ = {isa = PBXFileReference; lastKnownFileType = sourcecode.swift; path = StoreError.swift; sourceTree = "<group>"; };
		7570EBAD2BFC240600293F3A /* IsPurchasableProtocol.swift */ = {isa = PBXFileReference; lastKnownFileType = sourcecode.swift; path = IsPurchasableProtocol.swift; sourceTree = "<group>"; };
		7570EBAF2BFC242600293F3A /* Item.swift */ = {isa = PBXFileReference; lastKnownFileType = sourcecode.swift; path = Item.swift; sourceTree = "<group>"; };
		7570EBB12BFC244F00293F3A /* OwnedItem.swift */ = {isa = PBXFileReference; lastKnownFileType = sourcecode.swift; path = OwnedItem.swift; sourceTree = "<group>"; };
		7570EBB32BFC246300293F3A /* Game.swift */ = {isa = PBXFileReference; lastKnownFileType = sourcecode.swift; path = Game.swift; sourceTree = "<group>"; };
		7570EBB52BFC247700293F3A /* Movie.swift */ = {isa = PBXFileReference; lastKnownFileType = sourcecode.swift; path = Movie.swift; sourceTree = "<group>"; };
		7570EBB72BFC249800293F3A /* Customer.swift */ = {isa = PBXFileReference; lastKnownFileType = sourcecode.swift; path = Customer.swift; sourceTree = "<group>"; };
		7570EBB92BFC25F000293F3A /* Store.swift */ = {isa = PBXFileReference; lastKnownFileType = sourcecode.swift; path = Store.swift; sourceTree = "<group>"; };
/* End PBXFileReference section */

/* Begin PBXFrameworksBuildPhase section */
		21C19AD32BFBF6DC0061FB52 /* Frameworks */ = {
			isa = PBXFrameworksBuildPhase;
			buildActionMask = 2147483647;
			files = (
			);
			runOnlyForDeploymentPostprocessing = 0;
		};
/* End PBXFrameworksBuildPhase section */

/* Begin PBXGroup section */
		21C19ACD2BFBF6DC0061FB52 = {
			isa = PBXGroup;
			children = (
				21C19AD82BFBF6DC0061FB52 /* Group8_Store */,
				21C19AD72BFBF6DC0061FB52 /* Products */,
			);
			sourceTree = "<group>";
		};
		21C19AD72BFBF6DC0061FB52 /* Products */ = {
			isa = PBXGroup;
			children = (
				21C19AD62BFBF6DC0061FB52 /* Group8_Store */,
			);
			name = Products;
			sourceTree = "<group>";
		};
		21C19AD82BFBF6DC0061FB52 /* Group8_Store */ = {
			isa = PBXGroup;
			children = (
				7570EBAD2BFC240600293F3A /* IsPurchasableProtocol.swift */,
				7570EBAF2BFC242600293F3A /* Item.swift */,
				7570EBB12BFC244F00293F3A /* OwnedItem.swift */,
				7570EBB32BFC246300293F3A /* Game.swift */,
				7570EBB52BFC247700293F3A /* Movie.swift */,
				7570EBB72BFC249800293F3A /* Customer.swift */,
				7570EBB92BFC25F000293F3A /* Store.swift */,
				3CBC8BF42BFD91FA000AA72C /* StoreError.swift */,
				21C19AD92BFBF6DC0061FB52 /* main.swift */,
			);
			path = Group8_Store;
			sourceTree = "<group>";
		};
/* End PBXGroup section */

/* Begin PBXNativeTarget section */
		21C19AD52BFBF6DC0061FB52 /* Group8_Store */ = {
			isa = PBXNativeTarget;
			buildConfigurationList = 21C19ADD2BFBF6DC0061FB52 /* Build configuration list for PBXNativeTarget "Group8_Store" */;
			buildPhases = (
				21C19AD22BFBF6DC0061FB52 /* Sources */,
				21C19AD32BFBF6DC0061FB52 /* Frameworks */,
				21C19AD42BFBF6DC0061FB52 /* CopyFiles */,
			);
			buildRules = (
			);
			dependencies = (
			);
			name = Group8_Store;
			productName = Group8_Store;
			productReference = 21C19AD62BFBF6DC0061FB52 /* Group8_Store */;
			productType = "com.apple.product-type.tool";
		};
/* End PBXNativeTarget section */

/* Begin PBXProject section */
		21C19ACE2BFBF6DC0061FB52 /* Project object */ = {
			isa = PBXProject;
			attributes = {
				BuildIndependentTargetsInParallel = 1;
				LastSwiftUpdateCheck = 1530;
				LastUpgradeCheck = 1530;
				TargetAttributes = {
					21C19AD52BFBF6DC0061FB52 = {
						CreatedOnToolsVersion = 15.3;
					};
				};
			};
			buildConfigurationList = 21C19AD12BFBF6DC0061FB52 /* Build configuration list for PBXProject "Group8_Store" */;
			compatibilityVersion = "Xcode 14.0";
			developmentRegion = en;
			hasScannedForEncodings = 0;
			knownRegions = (
				en,
				Base,
			);
			mainGroup = 21C19ACD2BFBF6DC0061FB52;
			productRefGroup = 21C19AD72BFBF6DC0061FB52 /* Products */;
			projectDirPath = "";
			projectRoot = "";
			targets = (
				21C19AD52BFBF6DC0061FB52 /* Group8_Store */,
			);
		};
/* End PBXProject section */

/* Begin PBXSourcesBuildPhase section */
		21C19AD22BFBF6DC0061FB52 /* Sources */ = {
			isa = PBXSourcesBuildPhase;
			buildActionMask = 2147483647;
			files = (
				7570EBAE2BFC240600293F3A /* IsPurchasableProtocol.swift in Sources */,
				7570EBB82BFC249800293F3A /* Customer.swift in Sources */,
				7570EBB42BFC246300293F3A /* Game.swift in Sources */,
				7570EBBA2BFC25F000293F3A /* Store.swift in Sources */,
				7570EBB62BFC247700293F3A /* Movie.swift in Sources */,
				7570EBB02BFC242600293F3A /* Item.swift in Sources */,
				3CBC8BF52BFD91FA000AA72C /* StoreError.swift in Sources */,
				7570EBB22BFC244F00293F3A /* OwnedItem.swift in Sources */,
				21C19ADA2BFBF6DC0061FB52 /* main.swift in Sources */,
			);
			runOnlyForDeploymentPostprocessing = 0;
		};
/* End PBXSourcesBuildPhase section */

/* Begin XCBuildConfiguration section */
		21C19ADB2BFBF6DC0061FB52 /* Debug */ = {
			isa = XCBuildConfiguration;
			buildSettings = {
				ALWAYS_SEARCH_USER_PATHS = NO;
				ASSETCATALOG_COMPILER_GENERATE_SWIFT_ASSET_SYMBOL_EXTENSIONS = YES;
				CLANG_ANALYZER_NONNULL = YES;
				CLANG_ANALYZER_NUMBER_OBJECT_CONVERSION = YES_AGGRESSIVE;
				CLANG_CXX_LANGUAGE_STANDARD = "gnu++20";
				CLANG_ENABLE_MODULES = YES;
				CLANG_ENABLE_OBJC_ARC = YES;
				CLANG_ENABLE_OBJC_WEAK = YES;
				CLANG_WARN_BLOCK_CAPTURE_AUTORELEASING = YES;
				CLANG_WARN_BOOL_CONVERSION = YES;
				CLANG_WARN_COMMA = YES;
				CLANG_WARN_CONSTANT_CONVERSION = YES;
				CLANG_WARN_DEPRECATED_OBJC_IMPLEMENTATIONS = YES;
				CLANG_WARN_DIRECT_OBJC_ISA_USAGE = YES_ERROR;
				CLANG_WARN_DOCUMENTATION_COMMENTS = YES;
				CLANG_WARN_EMPTY_BODY = YES;
				CLANG_WARN_ENUM_CONVERSION = YES;
				CLANG_WARN_INFINITE_RECURSION = YES;
				CLANG_WARN_INT_CONVERSION = YES;
				CLANG_WARN_NON_LITERAL_NULL_CONVERSION = YES;
				CLANG_WARN_OBJC_IMPLICIT_RETAIN_SELF = YES;
				CLANG_WARN_OBJC_LITERAL_CONVERSION = YES;
				CLANG_WARN_OBJC_ROOT_CLASS = YES_ERROR;
				CLANG_WARN_QUOTED_INCLUDE_IN_FRAMEWORK_HEADER = YES;
				CLANG_WARN_RANGE_LOOP_ANALYSIS = YES;
				CLANG_WARN_STRICT_PROTOTYPES = YES;
				CLANG_WARN_SUSPICIOUS_MOVE = YES;
				CLANG_WARN_UNGUARDED_AVAILABILITY = YES_AGGRESSIVE;
				CLANG_WARN_UNREACHABLE_CODE = YES;
				CLANG_WARN__DUPLICATE_METHOD_MATCH = YES;
				COPY_PHASE_STRIP = NO;
				DEBUG_INFORMATION_FORMAT = dwarf;
				ENABLE_STRICT_OBJC_MSGSEND = YES;
				ENABLE_TESTABILITY = YES;
				ENABLE_USER_SCRIPT_SANDBOXING = YES;
				GCC_C_LANGUAGE_STANDARD = gnu17;
				GCC_DYNAMIC_NO_PIC = NO;
				GCC_NO_COMMON_BLOCKS = YES;
				GCC_OPTIMIZATION_LEVEL = 0;
				GCC_PREPROCESSOR_DEFINITIONS = (
					"DEBUG=1",
					"$(inherited)",
				);
				GCC_WARN_64_TO_32_BIT_CONVERSION = YES;
				GCC_WARN_ABOUT_RETURN_TYPE = YES_ERROR;
				GCC_WARN_UNDECLARED_SELECTOR = YES;
				GCC_WARN_UNINITIALIZED_AUTOS = YES_AGGRESSIVE;
				GCC_WARN_UNUSED_FUNCTION = YES;
				GCC_WARN_UNUSED_VARIABLE = YES;
				LOCALIZATION_PREFERS_STRING_CATALOGS = YES;
				MACOSX_DEPLOYMENT_TARGET = 14.4;
				MTL_ENABLE_DEBUG_INFO = INCLUDE_SOURCE;
				MTL_FAST_MATH = YES;
				ONLY_ACTIVE_ARCH = YES;
				SDKROOT = macosx;
				SWIFT_ACTIVE_COMPILATION_CONDITIONS = "DEBUG $(inherited)";
				SWIFT_OPTIMIZATION_LEVEL = "-Onone";
			};
			name = Debug;
		};
		21C19ADC2BFBF6DC0061FB52 /* Release */ = {
			isa = XCBuildConfiguration;
			buildSettings = {
				ALWAYS_SEARCH_USER_PATHS = NO;
				ASSETCATALOG_COMPILER_GENERATE_SWIFT_ASSET_SYMBOL_EXTENSIONS = YES;
				CLANG_ANALYZER_NONNULL = YES;
				CLANG_ANALYZER_NUMBER_OBJECT_CONVERSION = YES_AGGRESSIVE;
				CLANG_CXX_LANGUAGE_STANDARD = "gnu++20";
				CLANG_ENABLE_MODULES = YES;
				CLANG_ENABLE_OBJC_ARC = YES;
				CLANG_ENABLE_OBJC_WEAK = YES;
				CLANG_WARN_BLOCK_CAPTURE_AUTORELEASING = YES;
				CLANG_WARN_BOOL_CONVERSION = YES;
				CLANG_WARN_COMMA = YES;
				CLANG_WARN_CONSTANT_CONVERSION = YES;
				CLANG_WARN_DEPRECATED_OBJC_IMPLEMENTATIONS = YES;
				CLANG_WARN_DIRECT_OBJC_ISA_USAGE = YES_ERROR;
				CLANG_WARN_DOCUMENTATION_COMMENTS = YES;
				CLANG_WARN_EMPTY_BODY = YES;
				CLANG_WARN_ENUM_CONVERSION = YES;
				CLANG_WARN_INFINITE_RECURSION = YES;
				CLANG_WARN_INT_CONVERSION = YES;
				CLANG_WARN_NON_LITERAL_NULL_CONVERSION = YES;
				CLANG_WARN_OBJC_IMPLICIT_RETAIN_SELF = YES;
				CLANG_WARN_OBJC_LITERAL_CONVERSION = YES;
				CLANG_WARN_OBJC_ROOT_CLASS = YES_ERROR;
				CLANG_WARN_QUOTED_INCLUDE_IN_FRAMEWORK_HEADER = YES;
				CLANG_WARN_RANGE_LOOP_ANALYSIS = YES;
				CLANG_WARN_STRICT_PROTOTYPES = YES;
				CLANG_WARN_SUSPICIOUS_MOVE = YES;
				CLANG_WARN_UNGUARDED_AVAILABILITY = YES_AGGRESSIVE;
				CLANG_WARN_UNREACHABLE_CODE = YES;
				CLANG_WARN__DUPLICATE_METHOD_MATCH = YES;
				COPY_PHASE_STRIP = NO;
				DEBUG_INFORMATION_FORMAT = "dwarf-with-dsym";
				ENABLE_NS_ASSERTIONS = NO;
				ENABLE_STRICT_OBJC_MSGSEND = YES;
				ENABLE_USER_SCRIPT_SANDBOXING = YES;
				GCC_C_LANGUAGE_STANDARD = gnu17;
				GCC_NO_COMMON_BLOCKS = YES;
				GCC_WARN_64_TO_32_BIT_CONVERSION = YES;
				GCC_WARN_ABOUT_RETURN_TYPE = YES_ERROR;
				GCC_WARN_UNDECLARED_SELECTOR = YES;
				GCC_WARN_UNINITIALIZED_AUTOS = YES_AGGRESSIVE;
				GCC_WARN_UNUSED_FUNCTION = YES;
				GCC_WARN_UNUSED_VARIABLE = YES;
				LOCALIZATION_PREFERS_STRING_CATALOGS = YES;
				MACOSX_DEPLOYMENT_TARGET = 14.4;
				MTL_ENABLE_DEBUG_INFO = NO;
				MTL_FAST_MATH = YES;
				SDKROOT = macosx;
				SWIFT_COMPILATION_MODE = wholemodule;
			};
			name = Release;
		};
		21C19ADE2BFBF6DC0061FB52 /* Debug */ = {
			isa = XCBuildConfiguration;
			buildSettings = {
				CODE_SIGN_STYLE = Automatic;
				PRODUCT_NAME = "$(TARGET_NAME)";
				SWIFT_VERSION = 5.0;
			};
			name = Debug;
		};
		21C19ADF2BFBF6DC0061FB52 /* Release */ = {
			isa = XCBuildConfiguration;
			buildSettings = {
				CODE_SIGN_STYLE = Automatic;
				PRODUCT_NAME = "$(TARGET_NAME)";
				SWIFT_VERSION = 5.0;
			};
			name = Release;
		};
/* End XCBuildConfiguration section */

/* Begin XCConfigurationList section */
		21C19AD12BFBF6DC0061FB52 /* Build configuration list for PBXProject "Group8_Store" */ = {
			isa = XCConfigurationList;
			buildConfigurations = (
				21C19ADB2BFBF6DC0061FB52 /* Debug */,
				21C19ADC2BFBF6DC0061FB52 /* Release */,
			);
			defaultConfigurationIsVisible = 0;
			defaultConfigurationName = Release;
		};
		21C19ADD2BFBF6DC0061FB52 /* Build configuration list for PBXNativeTarget "Group8_Store" */ = {
			isa = XCConfigurationList;
			buildConfigurations = (
				21C19ADE2BFBF6DC0061FB52 /* Debug */,
				21C19ADF2BFBF6DC0061FB52 /* Release */,
			);
			defaultConfigurationIsVisible = 0;
			defaultConfigurationName = Release;
		};
/* End XCConfigurationList section */
	};
	rootObject = 21C19ACE2BFBF6DC0061FB52 /* Project object */;
}
